
Microsoft Visual Studio Solution File, Format Version 12.00
# Visual Studio 15
VisualStudioVersion = 15.0.27703.2018
MinimumVisualStudioVersion = 10.0.40219.1
Project("{FAE04EC0-301F-11D3-BF4B-00C04F79EFBC}") = "ExampleApp", "ExampleApp\ExampleApp.csproj", "{228FA2CA-3217-418F-860F-85BC8CE8D078}"
EndProject
Project("{FAE04EC0-301F-11D3-BF4B-00C04F79EFBC}") = "ExampleView", "ExampleView\ExampleView.csproj", "{EEE2C2F0-8593-4BB2-BEDA-774144320ABE}"
EndProject
Project("{FAE04EC0-301F-11D3-BF4B-00C04F79EFBC}") = "Plugin1", "Plugin1\Plugin1.csproj", "{8D293A07-0D9A-438B-A472-AAA358A3E5D9}"
EndProject
Global
	GlobalSection(SolutionConfigurationPlatforms) = preSolution
		Debug|Any CPU = Debug|Any CPU
		Release|Any CPU = Release|Any CPU
	EndGlobalSection
	GlobalSection(ProjectConfigurationPlatforms) = postSolution
		{228FA2CA-3217-418F-860F-85BC8CE8D078}.Debug|Any CPU.ActiveCfg = Debug|Any CPU
		{228FA2CA-3217-418F-860F-85BC8CE8D078}.Debug|Any CPU.Build.0 = Debug|Any CPU
		{228FA2CA-3217-418F-860F-85BC8CE8D078}.Release|Any CPU.ActiveCfg = Release|Any CPU
		{228FA2CA-3217-418F-860F-85BC8CE8D078}.Release|Any CPU.Build.0 = Release|Any CPU
		{EEE2C2F0-8593-4BB2-BEDA-774144320ABE}.Debug|Any CPU.ActiveCfg = Debug|Any CPU
		{EEE2C2F0-8593-4BB2-BEDA-774144320ABE}.Debug|Any CPU.Build.0 = Debug|Any CPU
		{EEE2C2F0-8593-4BB2-BEDA-774144320ABE}.Release|Any CPU.ActiveCfg = Release|Any CPU
		{EEE2C2F0-8593-4BB2-BEDA-774144320ABE}.Release|Any CPU.Build.0 = Release|Any CPU
		{8D293A07-0D9A-438B-A472-AAA358A3E5D9}.Debug|Any CPU.ActiveCfg = Debug|Any CPU
		{8D293A07-0D9A-438B-A472-AAA358A3E5D9}.Debug|Any CPU.Build.0 = Debug|Any CPU
		{8D293A07-0D9A-438B-A472-AAA358A3E5D9}.Release|Any CPU.ActiveCfg = Release|Any CPU
		{8D293A07-0D9A-438B-A472-AAA358A3E5D9}.Release|Any CPU.Build.0 = Release|Any CPU
	EndGlobalSection
	GlobalSection(SolutionProperties) = preSolution
		HideSolutionNode = FALSE
	EndGlobalSection
	GlobalSection(ExtensibilityGlobals) = postSolution
		SolutionGuid = {658D0992-A2FD-4AE9-9856-F3FD66C83564}
	EndGlobalSection
EndGlobal
